
Microsoft Visual Studio Solution File, Format Version 12.00
# Visual Studio 15
VisualStudioVersion = 15.0.27004.2005
MinimumVisualStudioVersion = 10.0.40219.1
Project("{FAE04EC0-301F-11D3-BF4B-00C04F79EFBC}") = "POCO_EF_Oracle", "POC_EF_Oracle\POCO_EF_Oracle.csproj", "{451B1B45-3E79-4D99-B0B0-31A0651269D1}"
EndProject
Global
	GlobalSection(SolutionConfigurationPlatforms) = preSolution
		Debug|Any CPU = Debug|Any CPU
		Release|Any CPU = Release|Any CPU
	EndGlobalSection
	GlobalSection(ProjectConfigurationPlatforms) = postSolution
		{451B1B45-3E79-4D99-B0B0-31A0651269D1}.Debug|Any CPU.ActiveCfg = Debug|Any CPU
		{451B1B45-3E79-4D99-B0B0-31A0651269D1}.Debug|Any CPU.Build.0 = Debug|Any CPU
		{451B1B45-3E79-4D99-B0B0-31A0651269D1}.Release|Any CPU.ActiveCfg = Release|Any CPU
		{451B1B45-3E79-4D99-B0B0-31A0651269D1}.Release|Any CPU.Build.0 = Release|Any CPU
	EndGlobalSection
	GlobalSection(SolutionProperties) = preSolution
		HideSolutionNode = FALSE
	EndGlobalSection
	GlobalSection(ExtensibilityGlobals) = postSolution
		SolutionGuid = {4EA5A82A-BB95-4DA8-99F7-637A7C160C3A}
	EndGlobalSection	
EndGlobal
